
Microsoft Visual Studio Solution File, Format Version 12.00
# Visual Studio Version 16
VisualStudioVersion = 16.0.29806.167
MinimumVisualStudioVersion = 10.0.40219.1
Project("{FAE04EC0-301F-11D3-BF4B-00C04F79EFBC}") = "RxSense.FizzBuzz", "RxSense.FizzBuzz\RxSense.FizzBuzz.csproj", "{D043A07A-22E1-40F0-AEBF-469913D1175C}"
EndProject
Project("{FAE04EC0-301F-11D3-BF4B-00C04F79EFBC}") = "RxSense.Tests", "RxSense.Tests\RxSense.Tests.csproj", "{E4EE3ED4-F8B9-4348-8067-2C36F5678B70}"
EndProject
Project("{FAE04EC0-301F-11D3-BF4B-00C04F79EFBC}") = "RxSense.DrugCache", "RxSense.DrugCache\RxSense.DrugCache.csproj", "{5CCD3374-78D6-48A8-95A8-82E5F26CE1D2}"
EndProject
Global
	GlobalSection(SolutionConfigurationPlatforms) = preSolution
		Debug|Any CPU = Debug|Any CPU
		Release|Any CPU = Release|Any CPU
	EndGlobalSection
	GlobalSection(ProjectConfigurationPlatforms) = postSolution
		{D043A07A-22E1-40F0-AEBF-469913D1175C}.Debug|Any CPU.ActiveCfg = Debug|Any CPU
		{D043A07A-22E1-40F0-AEBF-469913D1175C}.Debug|Any CPU.Build.0 = Debug|Any CPU
		{D043A07A-22E1-40F0-AEBF-469913D1175C}.Release|Any CPU.ActiveCfg = Release|Any CPU
		{D043A07A-22E1-40F0-AEBF-469913D1175C}.Release|Any CPU.Build.0 = Release|Any CPU
		{E4EE3ED4-F8B9-4348-8067-2C36F5678B70}.Debug|Any CPU.ActiveCfg = Debug|Any CPU
		{E4EE3ED4-F8B9-4348-8067-2C36F5678B70}.Debug|Any CPU.Build.0 = Debug|Any CPU
		{E4EE3ED4-F8B9-4348-8067-2C36F5678B70}.Release|Any CPU.ActiveCfg = Release|Any CPU
		{E4EE3ED4-F8B9-4348-8067-2C36F5678B70}.Release|Any CPU.Build.0 = Release|Any CPU
		{5CCD3374-78D6-48A8-95A8-82E5F26CE1D2}.Debug|Any CPU.ActiveCfg = Debug|Any CPU
		{5CCD3374-78D6-48A8-95A8-82E5F26CE1D2}.Debug|Any CPU.Build.0 = Debug|Any CPU
		{5CCD3374-78D6-48A8-95A8-82E5F26CE1D2}.Release|Any CPU.ActiveCfg = Release|Any CPU
		{5CCD3374-78D6-48A8-95A8-82E5F26CE1D2}.Release|Any CPU.Build.0 = Release|Any CPU
	EndGlobalSection
	GlobalSection(SolutionProperties) = preSolution
		HideSolutionNode = FALSE
	EndGlobalSection
	GlobalSection(ExtensibilityGlobals) = postSolution
		SolutionGuid = {A6790B78-666C-4589-9EAF-E160FFAB07C8}
	EndGlobalSection
EndGlobal
